{
  "originHash" : "74a890bbea171e706b4451f3998d3ca30148b1209a062a9c8e2562bce6a97b93",
  "pins" : [
    {
      "identity" : "capacitor-swift-pm",
      "kind" : "remoteSourceControl",
      "location" : "https://github.com/ionic-team/capacitor-swift-pm.git",
      "state" : {
        "revision" : "4f71d0b979f2f957326f04353eca7604ee937e1e",
        "version" : "8.5.0"
      }
    },
    {
      "identity" : "ion-ios-filesystem",
      "kind" : "remoteSourceControl",
      "location" : "https://github.com/ionic-team/ion-ios-filesystem.git",
      "state" : {
        "revision" : "56bd6f9e77cb4f2269c03f2d92a9fe58fe168a1c",
        "version" : "1.1.4"
      }
    },
    {
      "identity" : "ion-ios-fileviewer",
      "kind" : "remoteSourceControl",
      "location" : "https://github.com/ionic-team/ion-ios-fileviewer.git",
      "state" : {
        "revision" : "01697c1fcafd0b7667a48af78e73890f0b8c543a",
        "version" : "1.0.4"
      }
    },
    {
      "identity" : "osbarcodelib-ios",
      "kind" : "remoteSourceControl",
      "location" : "https://github.com/OutSystems/OSBarcodeLib-iOS.git",
      "state" : {
        "revision" : "7f9d166289c10601bfbed95cd3ec56019870ce1b",
        "version" : "2.2.1"
      }
    }
  ],
  "version" : 3
}
